// !$*UTF8*$!
{
	archiveVersion = 1;
	classes = {
	};
	objectVersion = 46;
	objects = {

/* Begin PBXBuildFile section */
		3EACDF471EDA3E8C00A75F7A /* AppDelegate.swift in Sources */ = {isa = PBXBuildFile; fileRef = 3EACDF461EDA3E8C00A75F7A /* AppDelegate.swift */; };
		3EACDF491EDA3E8C00A75F7A /* RootViewController.swift in Sources */ = {isa = PBXBuildFile; fileRef = 3EACDF481EDA3E8C00A75F7A /* RootViewController.swift */; };
		3EACDF4B1EDA3E8C00A75F7A /* DataViewController.swift in Sources */ = {isa = PBXBuildFile; fileRef = 3EACDF4A1EDA3E8C00A75F7A /* DataViewController.swift */; };
		3EACDF4D1EDA3E8C00A75F7A /* ModelController.swift in Sources */ = {isa = PBXBuildFile; fileRef = 3EACDF4C1EDA3E8C00A75F7A /* ModelController.swift */; };
		3EACDF501EDA3E8C00A75F7A /* Main.storyboard in Resources */ = {isa = PBXBuildFile; fileRef = 3EACDF4E1EDA3E8C00A75F7A /* Main.storyboard */; };
		3EACDF521EDA3E8C00A75F7A /* Assets.xcassets in Resources */ = {isa = PBXBuildFile; fileRef = 3EACDF511EDA3E8C00A75F7A /* Assets.xcassets */; };
		3EACDF551EDA3E8C00A75F7A /* LaunchScreen.storyboard in Resources */ = {isa = PBXBuildFile; fileRef = 3EACDF531EDA3E8C00A75F7A /* LaunchScreen.storyboard */; };
		3EACDF601EDA3E8C00A75F7A /* Unit_ConverterTests.swift in Sources */ = {isa = PBXBuildFile; fileRef = 3EACDF5F1EDA3E8C00A75F7A /* Unit_ConverterTests.swift */; };
		3EACDF6B1EDA3E8C00A75F7A /* Unit_ConverterUITests.swift in Sources */ = {isa = PBXBuildFile; fileRef = 3EACDF6A1EDA3E8C00A75F7A /* Unit_ConverterUITests.swift */; };
/* End PBXBuildFile section */

/* Begin PBXContainerItemProxy section */
		3EACDF5C1EDA3E8C00A75F7A /* PBXContainerItemProxy */ = {
			isa = PBXContainerItemProxy;
			containerPortal = 3EACDF3B1EDA3E8C00A75F7A /* Project object */;
			proxyType = 1;
			remoteGlobalIDString = 3EACDF421EDA3E8C00A75F7A;
			remoteInfo = "Unit Converter";
		};
		3EACDF671EDA3E8C00A75F7A /* PBXContainerItemProxy */ = {
			isa = PBXContainerItemProxy;
			containerPortal = 3EACDF3B1EDA3E8C00A75F7A /* Project object */;
			proxyType = 1;
			remoteGlobalIDString = 3EACDF421EDA3E8C00A75F7A;
			remoteInfo = "Unit Converter";
		};
/* End PBXContainerItemProxy section */

/* Begin PBXFileReference section */
		3EACDF431EDA3E8C00A75F7A /* Unit Converter.app */ = {isa = PBXFileReference; explicitFileType = wrapper.application; includeInIndex = 0; path = "Unit Converter.app"; sourceTree = BUILT_PRODUCTS_DIR; };
		3EACDF461EDA3E8C00A75F7A /* AppDelegate.swift */ = {isa = PBXFileReference; lastKnownFileType = sourcecode.swift; path = AppDelegate.swift; sourceTree = "<group>"; };
		3EACDF481EDA3E8C00A75F7A /* RootViewController.swift */ = {isa = PBXFileReference; lastKnownFileType = sourcecode.swift; path = RootViewController.swift; sourceTree = "<group>"; };
		3EACDF4A1EDA3E8C00A75F7A /* DataViewController.swift */ = {isa = PBXFileReference; lastKnownFileType = sourcecode.swift; path = DataViewController.swift; sourceTree = "<group>"; };
		3EACDF4C1EDA3E8C00A75F7A /* ModelController.swift */ = {isa = PBXFileReference; lastKnownFileType = sourcecode.swift; path = ModelController.swift; sourceTree = "<group>"; };
		3EACDF4F1EDA3E8C00A75F7A /* Base */ = {isa = PBXFileReference; lastKnownFileType = file.storyboard; name = Base; path = Base.lproj/Main.storyboard; sourceTree = "<group>"; };
		3EACDF511EDA3E8C00A75F7A /* Assets.xcassets */ = {isa = PBXFileReference; lastKnownFileType = folder.assetcatalog; path = Assets.xcassets; sourceTree = "<group>"; };
		3EACDF541EDA3E8C00A75F7A /* Base */ = {isa = PBXFileReference; lastKnownFileType = file.storyboard; name = Base; path = Base.lproj/LaunchScreen.storyboard; sourceTree = "<group>"; };
		3EACDF561EDA3E8C00A75F7A /* Info.plist */ = {isa = PBXFileReference; lastKnownFileType = text.plist.xml; path = Info.plist; sourceTree = "<group>"; };
		3EACDF5B1EDA3E8C00A75F7A /* Unit ConverterTests.xctest */ = {isa = PBXFileReference; explicitFileType = wrapper.cfbundle; includeInIndex = 0; path = "Unit ConverterTests.xctest"; sourceTree = BUILT_PRODUCTS_DIR; };
		3EACDF5F1EDA3E8C00A75F7A /* Unit_ConverterTests.swift */ = {isa = PBXFileReference; lastKnownFileType = sourcecode.swift; path = Unit_ConverterTests.swift; sourceTree = "<group>"; };
		3EACDF611EDA3E8C00A75F7A /* Info.plist */ = {isa = PBXFileReference; lastKnownFileType = text.plist.xml; path = Info.plist; sourceTree = "<group>"; };
		3EACDF661EDA3E8C00A75F7A /* Unit ConverterUITests.xctest */ = {isa = PBXFileReference; explicitFileType = wrapper.cfbundle; includeInIndex = 0; path = "Unit ConverterUITests.xctest"; sourceTree = BUILT_PRODUCTS_DIR; };
		3EACDF6A1EDA3E8C00A75F7A /* Unit_ConverterUITests.swift */ = {isa = PBXFileReference; lastKnownFileType = sourcecode.swift; path = Unit_ConverterUITests.swift; sourceTree = "<group>"; };
		3EACDF6C1EDA3E8C00A75F7A /* Info.plist */ = {isa = PBXFileReference; lastKnownFileType = text.plist.xml; path = Info.plist; sourceTree = "<group>"; };
/* End PBXFileReference section */

/* Begin PBXFrameworksBuildPhase section */
		3EACDF401EDA3E8C00A75F7A /* Frameworks */ = {
			isa = PBXFrameworksBuildPhase;
			buildActionMask = 2147483647;
			files = (
			);
			runOnlyForDeploymentPostprocessing = 0;
		};
		3EACDF581EDA3E8C00A75F7A /* Frameworks */ = {
			isa = PBXFrameworksBuildPhase;
			buildActionMask = 2147483647;
			files = (
			);
			runOnlyForDeploymentPostprocessing = 0;
		};
		3EACDF631EDA3E8C00A75F7A /* Frameworks */ = {
			isa = PBXFrameworksBuildPhase;
			buildActionMask = 2147483647;
			files = (
			);
			runOnlyForDeploymentPostprocessing = 0;
		};
/* End PBXFrameworksBuildPhase section */

/* Begin PBXGroup section */
		3EACDF3A1EDA3E8C00A75F7A = {
			isa = PBXGroup;
			children = (
				3EACDF451EDA3E8C00A75F7A /* Unit Converter */,
				3EACDF5E1EDA3E8C00A75F7A /* Unit ConverterTests */,
				3EACDF691EDA3E8C00A75F7A /* Unit ConverterUITests */,
				3EACDF441EDA3E8C00A75F7A /* Products */,
			);
			sourceTree = "<group>";
		};
		3EACDF441EDA3E8C00A75F7A /* Products */ = {
			isa = PBXGroup;
			children = (
				3EACDF431EDA3E8C00A75F7A /* Unit Converter.app */,
				3EACDF5B1EDA3E8C00A75F7A /* Unit ConverterTests.xctest */,
				3EACDF661EDA3E8C00A75F7A /* Unit ConverterUITests.xctest */,
			);
			name = Products;
			sourceTree = "<group>";
		};
		3EACDF451EDA3E8C00A75F7A /* Unit Converter */ = {
			isa = PBXGroup;
			children = (
				3EACDF461EDA3E8C00A75F7A /* AppDelegate.swift */,
				3EACDF481EDA3E8C00A75F7A /* RootViewController.swift */,
				3EACDF4A1EDA3E8C00A75F7A /* DataViewController.swift */,
				3EACDF4C1EDA3E8C00A75F7A /* ModelController.swift */,
				3EACDF4E1EDA3E8C00A75F7A /* Main.storyboard */,
				3EACDF511EDA3E8C00A75F7A /* Assets.xcassets */,
				3EACDF531EDA3E8C00A75F7A /* LaunchScreen.storyboard */,
				3EACDF561EDA3E8C00A75F7A /* Info.plist */,
			);
			path = "Unit Converter";
			sourceTree = "<group>";
		};
		3EACDF5E1EDA3E8C00A75F7A /* Unit ConverterTests */ = {
			isa = PBXGroup;
			children = (
				3EACDF5F1EDA3E8C00A75F7A /* Unit_ConverterTests.swift */,
				3EACDF611EDA3E8C00A75F7A /* Info.plist */,
			);
			path = "Unit ConverterTests";
			sourceTree = "<group>";
		};
		3EACDF691EDA3E8C00A75F7A /* Unit ConverterUITests */ = {
			isa = PBXGroup;
			children = (
				3EACDF6A1EDA3E8C00A75F7A /* Unit_ConverterUITests.swift */,
				3EACDF6C1EDA3E8C00A75F7A /* Info.plist */,
			);
			path = "Unit ConverterUITests";
			sourceTree = "<group>";
		};
/* End PBXGroup section */

/* Begin PBXNativeTarget section */
		3EACDF421EDA3E8C00A75F7A /* Unit Converter */ = {
			isa = PBXNativeTarget;
			buildConfigurationList = 3EACDF6F1EDA3E8C00A75F7A /* Build configuration list for PBXNativeTarget "Unit Converter" */;
			buildPhases = (
				3EACDF3F1EDA3E8C00A75F7A /* Sources */,
				3EACDF401EDA3E8C00A75F7A /* Frameworks */,
				3EACDF411EDA3E8C00A75F7A /* Resources */,
			);
			buildRules = (
			);
			dependencies = (
			);
			name = "Unit Converter";
			productName = "Unit Converter";
			productReference = 3EACDF431EDA3E8C00A75F7A /* Unit Converter.app */;
			productType = "com.apple.product-type.application";
		};
		3EACDF5A1EDA3E8C00A75F7A /* Unit ConverterTests */ = {
			isa = PBXNativeTarget;
			buildConfigurationList = 3EACDF721EDA3E8C00A75F7A /* Build configuration list for PBXNativeTarget "Unit ConverterTests" */;
			buildPhases = (
				3EACDF571EDA3E8C00A75F7A /* Sources */,
				3EACDF581EDA3E8C00A75F7A /* Frameworks */,
				3EACDF591EDA3E8C00A75F7A /* Resources */,
			);
			buildRules = (
			);
			dependencies = (
				3EACDF5D1EDA3E8C00A75F7A /* PBXTargetDependency */,
			);
			name = "Unit ConverterTests";
			productName = "Unit ConverterTests";
			productReference = 3EACDF5B1EDA3E8C00A75F7A /* Unit ConverterTests.xctest */;
			productType = "com.apple.product-type.bundle.unit-test";
		};
		3EACDF651EDA3E8C00A75F7A /* Unit ConverterUITests */ = {
			isa = PBXNativeTarget;
			buildConfigurationList = 3EACDF751EDA3E8C00A75F7A /* Build configuration list for PBXNativeTarget "Unit ConverterUITests" */;
			buildPhases = (
				3EACDF621EDA3E8C00A75F7A /* Sources */,
				3EACDF631EDA3E8C00A75F7A /* Frameworks */,
				3EACDF641EDA3E8C00A75F7A /* Resources */,
			);
			buildRules = (
			);
			dependencies = (
				3EACDF681EDA3E8C00A75F7A /* PBXTargetDependency */,
			);
			name = "Unit ConverterUITests";
			productName = "Unit ConverterUITests";
			productReference = 3EACDF661EDA3E8C00A75F7A /* Unit ConverterUITests.xctest */;
			productType = "com.apple.product-type.bundle.ui-testing";
		};
/* End PBXNativeTarget section */

/* Begin PBXProject section */
		3EACDF3B1EDA3E8C00A75F7A /* Project object */ = {
			isa = PBXProject;
			attributes = {
				LastSwiftUpdateCheck = 0830;
				LastUpgradeCheck = 0830;
				ORGANIZATIONNAME = "NFS Industries";
				TargetAttributes = {
					3EACDF421EDA3E8C00A75F7A = {
						CreatedOnToolsVersion = 8.3.2;
						DevelopmentTeam = 656LRSVN44;
						ProvisioningStyle = Automatic;
					};
					3EACDF5A1EDA3E8C00A75F7A = {
						CreatedOnToolsVersion = 8.3.2;
						DevelopmentTeam = 656LRSVN44;
						ProvisioningStyle = Automatic;
						TestTargetID = 3EACDF421EDA3E8C00A75F7A;
					};
					3EACDF651EDA3E8C00A75F7A = {
						CreatedOnToolsVersion = 8.3.2;
						DevelopmentTeam = 656LRSVN44;
						ProvisioningStyle = Automatic;
						TestTargetID = 3EACDF421EDA3E8C00A75F7A;
					};
				};
			};
			buildConfigurationList = 3EACDF3E1EDA3E8C00A75F7A /* Build configuration list for PBXProject "Unit Converter" */;
			compatibilityVersion = "Xcode 3.2";
			developmentRegion = English;
			hasScannedForEncodings = 0;
			knownRegions = (
				en,
				Base,
			);
			mainGroup = 3EACDF3A1EDA3E8C00A75F7A;
			productRefGroup = 3EACDF441EDA3E8C00A75F7A /* Products */;
			projectDirPath = "";
			projectRoot = "";
			targets = (
				3EACDF421EDA3E8C00A75F7A /* Unit Converter */,
				3EACDF5A1EDA3E8C00A75F7A /* Unit ConverterTests */,
				3EACDF651EDA3E8C00A75F7A /* Unit ConverterUITests */,
			);
		};
/* End PBXProject section */

/* Begin PBXResourcesBuildPhase section */
		3EACDF411EDA3E8C00A75F7A /* Resources */ = {
			isa = PBXResourcesBuildPhase;
			buildActionMask = 2147483647;
			files = (
				3EACDF551EDA3E8C00A75F7A /* LaunchScreen.storyboard in Resources */,
				3EACDF521EDA3E8C00A75F7A /* Assets.xcassets in Resources */,
				3EACDF501EDA3E8C00A75F7A /* Main.storyboard in Resources */,
			);
			runOnlyForDeploymentPostprocessing = 0;
		};
		3EACDF591EDA3E8C00A75F7A /* Resources */ = {
			isa = PBXResourcesBuildPhase;
			buildActionMask = 2147483647;
			files = (
			);
			runOnlyForDeploymentPostprocessing = 0;
		};
		3EACDF641EDA3E8C00A75F7A /* Resources */ = {
			isa = PBXResourcesBuildPhase;
			buildActionMask = 2147483647;
			files = (
			);
			runOnlyForDeploymentPostprocessing = 0;
		};
/* End PBXResourcesBuildPhase section */

/* Begin PBXSourcesBuildPhase section */
		3EACDF3F1EDA3E8C00A75F7A /* Sources */ = {
			isa = PBXSourcesBuildPhase;
			buildActionMask = 2147483647;
			files = (
				3EACDF491EDA3E8C00A75F7A /* RootViewController.swift in Sources */,
				3EACDF4D1EDA3E8C00A75F7A /* ModelController.swift in Sources */,
				3EACDF4B1EDA3E8C00A75F7A /* DataViewController.swift in Sources */,
				3EACDF471EDA3E8C00A75F7A /* AppDelegate.swift in Sources */,
			);
			runOnlyForDeploymentPostprocessing = 0;
		};
		3EACDF571EDA3E8C00A75F7A /* Sources */ = {
			isa = PBXSourcesBuildPhase;
			buildActionMask = 2147483647;
			files = (
				3EACDF601EDA3E8C00A75F7A /* Unit_ConverterTests.swift in Sources */,
			);
			runOnlyForDeploymentPostprocessing = 0;
		};
		3EACDF621EDA3E8C00A75F7A /* Sources */ = {
			isa = PBXSourcesBuildPhase;
			buildActionMask = 2147483647;
			files = (
				3EACDF6B1EDA3E8C00A75F7A /* Unit_ConverterUITests.swift in Sources */,
			);
			runOnlyForDeploymentPostprocessing = 0;
		};
/* End PBXSourcesBuildPhase section */

/* Begin PBXTargetDependency section */
		3EACDF5D1EDA3E8C00A75F7A /* PBXTargetDependency */ = {
			isa = PBXTargetDependency;
			target = 3EACDF421EDA3E8C00A75F7A /* Unit Converter */;
			targetProxy = 3EACDF5C1EDA3E8C00A75F7A /* PBXContainerItemProxy */;
		};
		3EACDF681EDA3E8C00A75F7A /* PBXTargetDependency */ = {
			isa = PBXTargetDependency;
			target = 3EACDF421EDA3E8C00A75F7A /* Unit Converter */;
			targetProxy = 3EACDF671EDA3E8C00A75F7A /* PBXContainerItemProxy */;
		};
/* End PBXTargetDependency section */

/* Begin PBXVariantGroup section */
		3EACDF4E1EDA3E8C00A75F7A /* Main.storyboard */ = {
			isa = PBXVariantGroup;
			children = (
				3EACDF4F1EDA3E8C00A75F7A /* Base */,
			);
			name = Main.storyboard;
			sourceTree = "<group>";
		};
		3EACDF531EDA3E8C00A75F7A /* LaunchScreen.storyboard */ = {
			isa = PBXVariantGroup;
			children = (
				3EACDF541EDA3E8C00A75F7A /* Base */,
			);
			name = LaunchScreen.storyboard;
			sourceTree = "<group>";
		};
/* End PBXVariantGroup section */

/* Begin XCBuildConfiguration section */
		3EACDF6D1EDA3E8C00A75F7A /* Debug */ = {
			isa = XCBuildConfiguration;
			buildSettings = {
				ALWAYS_SEARCH_USER_PATHS = NO;
				CLANG_ANALYZER_NONNULL = YES;
				CLANG_ANALYZER_NUMBER_OBJECT_CONVERSION = YES_AGGRESSIVE;
				CLANG_CXX_LANGUAGE_STANDARD = "gnu++0x";
				CLANG_CXX_LIBRARY = "libc++";
				CLANG_ENABLE_MODULES = YES;
				CLANG_ENABLE_OBJC_ARC = YES;
				CLANG_WARN_BOOL_CONVERSION = YES;
				CLANG_WARN_CONSTANT_CONVERSION = YES;
				CLANG_WARN_DIRECT_OBJC_ISA_USAGE = YES_ERROR;
				CLANG_WARN_DOCUMENTATION_COMMENTS = YES;
				CLANG_WARN_EMPTY_BODY = YES;
				CLANG_WARN_ENUM_CONVERSION = YES;
				CLANG_WARN_INFINITE_RECURSION = YES;
				CLANG_WARN_INT_CONVERSION = YES;
				CLANG_WARN_OBJC_ROOT_CLASS = YES_ERROR;
				CLANG_WARN_SUSPICIOUS_MOVE = YES;
				CLANG_WARN_UNREACHABLE_CODE = YES;
				CLANG_WARN__DUPLICATE_METHOD_MATCH = YES;
				"CODE_SIGN_IDENTITY[sdk=iphoneos*]" = "iPhone Developer";
				COPY_PHASE_STRIP = NO;
				DEBUG_INFORMATION_FORMAT = dwarf;
				ENABLE_STRICT_OBJC_MSGSEND = YES;
				ENABLE_TESTABILITY = YES;
				GCC_C_LANGUAGE_STANDARD = gnu99;
				GCC_DYNAMIC_NO_PIC = NO;
				GCC_NO_COMMON_BLOCKS = YES;
				GCC_OPTIMIZATION_LEVEL = 0;
				GCC_PREPROCESSOR_DEFINITIONS = (
					"DEBUG=1",
					"$(inherited)",
				);
				GCC_WARN_64_TO_32_BIT_CONVERSION = YES;
				GCC_WARN_ABOUT_RETURN_TYPE = YES_ERROR;
				GCC_WARN_UNDECLARED_SELECTOR = YES;
				GCC_WARN_UNINITIALIZED_AUTOS = YES_AGGRESSIVE;
				GCC_WARN_UNUSED_FUNCTION = YES;
				GCC_WARN_UNUSED_VARIABLE = YES;
				IPHONEOS_DEPLOYMENT_TARGET = 10.3;
				MTL_ENABLE_DEBUG_INFO = YES;
				ONLY_ACTIVE_ARCH = YES;
				SDKROOT = iphoneos;
				SWIFT_ACTIVE_COMPILATION_CONDITIONS = DEBUG;
				SWIFT_OPTIMIZATION_LEVEL = "-Onone";
				TARGETED_DEVICE_FAMILY = "1,2";
			};
			name = Debug;
		};
		3EACDF6E1EDA3E8C00A75F7A /* Release */ = {
			isa = XCBuildConfiguration;
			buildSettings = {
				ALWAYS_SEARCH_USER_PATHS = NO;
				CLANG_ANALYZER_NONNULL = YES;
				CLANG_ANALYZER_NUMBER_OBJECT_CONVERSION = YES_AGGRESSIVE;
				CLANG_CXX_LANGUAGE_STANDARD = "gnu++0x";
				CLANG_CXX_LIBRARY = "libc++";
				CLANG_ENABLE_MODULES = YES;
				CLANG_ENABLE_OBJC_ARC = YES;
				CLANG_WARN_BOOL_CONVERSION = YES;
				CLANG_WARN_CONSTANT_CONVERSION = YES;
				CLANG_WARN_DIRECT_OBJC_ISA_USAGE = YES_ERROR;
				CLANG_WARN_DOCUMENTATION_COMMENTS = YES;
				CLANG_WARN_EMPTY_BODY = YES;
				CLANG_WARN_ENUM_CONVERSION = YES;
				CLANG_WARN_INFINITE_RECURSION = YES;
				CLANG_WARN_INT_CONVERSION = YES;
				CLANG_WARN_OBJC_ROOT_CLASS = YES_ERROR;
				CLANG_WARN_SUSPICIOUS_MOVE = YES;
				CLANG_WARN_UNREACHABLE_CODE = YES;
				CLANG_WARN__DUPLICATE_METHOD_MATCH = YES;
				"CODE_SIGN_IDENTITY[sdk=iphoneos*]" = "iPhone Developer";
				COPY_PHASE_STRIP = NO;
				DEBUG_INFORMATION_FORMAT = "dwarf-with-dsym";
				ENABLE_NS_ASSERTIONS = NO;
				ENABLE_STRICT_OBJC_MSGSEND = YES;
				GCC_C_LANGUAGE_STANDARD = gnu99;
				GCC_NO_COMMON_BLOCKS = YES;
				GCC_WARN_64_TO_32_BIT_CONVERSION = YES;
				GCC_WARN_ABOUT_RETURN_TYPE = YES_ERROR;
				GCC_WARN_UNDECLARED_SELECTOR = YES;
				GCC_WARN_UNINITIALIZED_AUTOS = YES_AGGRESSIVE;
				GCC_WARN_UNUSED_FUNCTION = YES;
				GCC_WARN_UNUSED_VARIABLE = YES;
				IPHONEOS_DEPLOYMENT_TARGET = 10.3;
				MTL_ENABLE_DEBUG_INFO = NO;
				SDKROOT = iphoneos;
				SWIFT_OPTIMIZATION_LEVEL = "-Owholemodule";
				TARGETED_DEVICE_FAMILY = "1,2";
				VALIDATE_PRODUCT = YES;
			};
			name = Release;
		};
		3EACDF701EDA3E8C00A75F7A /* Debug */ = {
			isa = XCBuildConfiguration;
			buildSettings = {
				ASSETCATALOG_COMPILER_APPICON_NAME = AppIcon;
				ASSETCATALOG_COMPILER_LAUNCHIMAGE_NAME = LaunchImage;
				DEVELOPMENT_TEAM = 656LRSVN44;
				INFOPLIST_FILE = "Unit Converter/Info.plist";
				LD_RUNPATH_SEARCH_PATHS = "$(inherited) @executable_path/Frameworks";
				PRODUCT_BUNDLE_IDENTIFIER = com.nfsindustries.ayaconversor;
				PRODUCT_NAME = "$(TARGET_NAME)";
				SWIFT_VERSION = 3.0;
			};
			name = Debug;
		};
		3EACDF711EDA3E8C00A75F7A /* Release */ = {
			isa = XCBuildConfiguration;
			buildSettings = {
				ASSETCATALOG_COMPILER_APPICON_NAME = AppIcon;
				ASSETCATALOG_COMPILER_LAUNCHIMAGE_NAME = LaunchImage;
				DEVELOPMENT_TEAM = 656LRSVN44;
				INFOPLIST_FILE = "Unit Converter/Info.plist";
				LD_RUNPATH_SEARCH_PATHS = "$(inherited) @executable_path/Frameworks";
				PRODUCT_BUNDLE_IDENTIFIER = com.nfsindustries.ayaconversor;
				PRODUCT_NAME = "$(TARGET_NAME)";
				SWIFT_VERSION = 3.0;
			};
			name = Release;
		};
		3EACDF731EDA3E8C00A75F7A /* Debug */ = {
			isa = XCBuildConfiguration;
			buildSettings = {
				ALWAYS_EMBED_SWIFT_STANDARD_LIBRARIES = YES;
				BUNDLE_LOADER = "$(TEST_HOST)";
				DEVELOPMENT_TEAM = 656LRSVN44;
				INFOPLIST_FILE = "Unit ConverterTests/Info.plist";
				LD_RUNPATH_SEARCH_PATHS = "$(inherited) @executable_path/Frameworks @loader_path/Frameworks";
				PRODUCT_BUNDLE_IDENTIFIER = "com.nfsindustries.Unit-ConverterTests";
				PRODUCT_NAME = "$(TARGET_NAME)";
				SWIFT_VERSION = 3.0;
				TEST_HOST = "$(BUILT_PRODUCTS_DIR)/Unit Converter.app/Unit Converter";
			};
			name = Debug;
		};
		3EACDF741EDA3E8C00A75F7A /* Release */ = {
			isa = XCBuildConfiguration;
			buildSettings = {
				ALWAYS_EMBED_SWIFT_STANDARD_LIBRARIES = YES;
				BUNDLE_LOADER = "$(TEST_HOST)";
				DEVELOPMENT_TEAM = 656LRSVN44;
				INFOPLIST_FILE = "Unit ConverterTests/Info.plist";
				LD_RUNPATH_SEARCH_PATHS = "$(inherited) @executable_path/Frameworks @loader_path/Frameworks";
				PRODUCT_BUNDLE_IDENTIFIER = "com.nfsindustries.Unit-ConverterTests";
				PRODUCT_NAME = "$(TARGET_NAME)";
				SWIFT_VERSION = 3.0;
				TEST_HOST = "$(BUILT_PRODUCTS_DIR)/Unit Converter.app/Unit Converter";
			};
			name = Release;
		};
		3EACDF761EDA3E8C00A75F7A /* Debug */ = {
			isa = XCBuildConfiguration;
			buildSettings = {
				ALWAYS_EMBED_SWIFT_STANDARD_LIBRARIES = YES;
				DEVELOPMENT_TEAM = 656LRSVN44;
				INFOPLIST_FILE = "Unit ConverterUITests/Info.plist";
				LD_RUNPATH_SEARCH_PATHS = "$(inherited) @executable_path/Frameworks @loader_path/Frameworks";
				PRODUCT_BUNDLE_IDENTIFIER = "com.nfsindustries.Unit-ConverterUITests";
				PRODUCT_NAME = "$(TARGET_NAME)";
				SWIFT_VERSION = 3.0;
				TEST_TARGET_NAME = "Unit Converter";
			};
			name = Debug;
		};
		3EACDF771EDA3E8C00A75F7A /* Release */ = {
			isa = XCBuildConfiguration;
			buildSettings = {
				ALWAYS_EMBED_SWIFT_STANDARD_LIBRARIES = YES;
				DEVELOPMENT_TEAM = 656LRSVN44;
				INFOPLIST_FILE = "Unit ConverterUITests/Info.plist";
				LD_RUNPATH_SEARCH_PATHS = "$(inherited) @executable_path/Frameworks @loader_path/Frameworks";
				PRODUCT_BUNDLE_IDENTIFIER = "com.nfsindustries.Unit-ConverterUITests";
				PRODUCT_NAME = "$(TARGET_NAME)";
				SWIFT_VERSION = 3.0;
				TEST_TARGET_NAME = "Unit Converter";
			};
			name = Release;
		};
/* End XCBuildConfiguration section */

/* Begin XCConfigurationList section */
		3EACDF3E1EDA3E8C00A75F7A /* Build configuration list for PBXProject "Unit Converter" */ = {
			isa = XCConfigurationList;
			buildConfigurations = (
				3EACDF6D1EDA3E8C00A75F7A /* Debug */,
				3EACDF6E1EDA3E8C00A75F7A /* Release */,
			);
			defaultConfigurationIsVisible = 0;
			defaultConfigurationName = Release;
		};
		3EACDF6F1EDA3E8C00A75F7A /* Build configuration list for PBXNativeTarget "Unit Converter" */ = {
			isa = XCConfigurationList;
			buildConfigurations = (
				3EACDF701EDA3E8C00A75F7A /* Debug */,
				3EACDF711EDA3E8C00A75F7A /* Release */,
			);
			defaultConfigurationIsVisible = 0;
			defaultConfigurationName = Release;
		};
		3EACDF721EDA3E8C00A75F7A /* Build configuration list for PBXNativeTarget "Unit ConverterTests" */ = {
			isa = XCConfigurationList;
			buildConfigurations = (
				3EACDF731EDA3E8C00A75F7A /* Debug */,
				3EACDF741EDA3E8C00A75F7A /* Release */,
			);
			defaultConfigurationIsVisible = 0;
			defaultConfigurationName = Release;
		};
		3EACDF751EDA3E8C00A75F7A /* Build configuration list for PBXNativeTarget "Unit ConverterUITests" */ = {
			isa = XCConfigurationList;
			buildConfigurations = (
				3EACDF761EDA3E8C00A75F7A /* Debug */,
				3EACDF771EDA3E8C00A75F7A /* Release */,
			);
			defaultConfigurationIsVisible = 0;
			defaultConfigurationName = Release;
		};
/* End XCConfigurationList section */
	};
	rootObject = 3EACDF3B1EDA3E8C00A75F7A /* Project object */;
}
